// !$*UTF8*$!
{
	archiveVersion = 1;
	classes = {
	};
	objectVersion = 46;
	objects = {

/* Begin PBXBuildFile section */
		13C6315619B06D82005D3724 /* Foundation.framework in Frameworks */ = {isa = PBXBuildFile; fileRef = 13C6315519B06D82005D3724 /* Foundation.framework */; };
		13C6315819B06D82005D3724 /* CoreGraphics.framework in Frameworks */ = {isa = PBXBuildFile; fileRef = 13C6315719B06D82005D3724 /* CoreGraphics.framework */; };
		13C6315A19B06D82005D3724 /* UIKit.framework in Frameworks */ = {isa = PBXBuildFile; fileRef = 13C6315919B06D82005D3724 /* UIKit.framework */; };
		13C6316019B06D82005D3724 /* InfoPlist.strings in Resources */ = {isa = PBXBuildFile; fileRef = 13C6315E19B06D82005D3724 /* InfoPlist.strings */; };
		13C6316219B06D82005D3724 /* main.m in Sources */ = {isa = PBXBuildFile; fileRef = 13C6316119B06D82005D3724 /* main.m */; };
		13C6316619B06D82005D3724 /* CUAppDelegate.m in Sources */ = {isa = PBXBuildFile; fileRef = 13C6316519B06D82005D3724 /* CUAppDelegate.m */; };
		13C6316919B06D82005D3724 /* Main.storyboard in Resources */ = {isa = PBXBuildFile; fileRef = 13C6316719B06D82005D3724 /* Main.storyboard */; };
		13C6316E19B06D82005D3724 /* Images.xcassets in Resources */ = {isa = PBXBuildFile; fileRef = 13C6316D19B06D82005D3724 /* Images.xcassets */; };
		13C6317519B06D82005D3724 /* XCTest.framework in Frameworks */ = {isa = PBXBuildFile; fileRef = 13C6317419B06D82005D3724 /* XCTest.framework */; };
		13C6317619B06D82005D3724 /* Foundation.framework in Frameworks */ = {isa = PBXBuildFile; fileRef = 13C6315519B06D82005D3724 /* Foundation.framework */; };
		13C6317719B06D82005D3724 /* UIKit.framework in Frameworks */ = {isa = PBXBuildFile; fileRef = 13C6315919B06D82005D3724 /* UIKit.framework */; };
		13C6317F19B06D82005D3724 /* InfoPlist.strings in Resources */ = {isa = PBXBuildFile; fileRef = 13C6317D19B06D82005D3724 /* InfoPlist.strings */; };
		13C6318119B06D82005D3724 /* CUArchitectureDemoTests.m in Sources */ = {isa = PBXBuildFile; fileRef = 13C6318019B06D82005D3724 /* CUArchitectureDemoTests.m */; };
		13C6319719B06EB2005D3724 /* CUDetailViewController.m in Sources */ = {isa = PBXBuildFile; fileRef = 13C6319219B06EB2005D3724 /* CUDetailViewController.m */; };
		13C6319819B06EB2005D3724 /* CUMainViewController.m in Sources */ = {isa = PBXBuildFile; fileRef = 13C6319419B06EB2005D3724 /* CUMainViewController.m */; };
		13C6319D19B06EDF005D3724 /* CUDataModel.m in Sources */ = {isa = PBXBuildFile; fileRef = 13C6319C19B06EDF005D3724 /* CUDataModel.m */; };
		13C631A219B06F1D005D3724 /* CUDataDAO.m in Sources */ = {isa = PBXBuildFile; fileRef = 13C631A119B06F1D005D3724 /* CUDataDAO.m */; };
		13C631A519B09F3D005D3724 /* CUOtherViewController.m in Sources */ = {isa = PBXBuildFile; fileRef = 13C631A419B09F3D005D3724 /* CUOtherViewController.m */; };
		13C631A819B0A0AD005D3724 /* CUNotification.m in Sources */ = {isa = PBXBuildFile; fileRef = 13C631A719B0A0AD005D3724 /* CUNotification.m */; };
/* End PBXBuildFile section */

/* Begin PBXContainerItemProxy section */
		13C6317819B06D82005D3724 /* PBXContainerItemProxy */ = {
			isa = PBXContainerItemProxy;
			containerPortal = 13C6314A19B06D82005D3724 /* Project object */;
			proxyType = 1;
			remoteGlobalIDString = 13C6315119B06D82005D3724;
			remoteInfo = CUArchitectureDemo;
		};
/* End PBXContainerItemProxy section */

/* Begin PBXFileReference section */
		13C6315219B06D82005D3724 /* CUArchitectureDemo.app */ = {isa = PBXFileReference; explicitFileType = wrapper.application; includeInIndex = 0; path = CUArchitectureDemo.app; sourceTree = BUILT_PRODUCTS_DIR; };
		13C6315519B06D82005D3724 /* Foundation.framework */ = {isa = PBXFileReference; lastKnownFileType = wrapper.framework; name = Foundation.framework; path = System/Library/Frameworks/Foundation.framework; sourceTree = SDKROOT; };
		13C6315719B06D82005D3724 /* CoreGraphics.framework */ = {isa = PBXFileReference; lastKnownFileType = wrapper.framework; name = CoreGraphics.framework; path = System/Library/Frameworks/CoreGraphics.framework; sourceTree = SDKROOT; };
		13C6315919B06D82005D3724 /* UIKit.framework */ = {isa = PBXFileReference; lastKnownFileType = wrapper.framework; name = UIKit.framework; path = System/Library/Frameworks/UIKit.framework; sourceTree = SDKROOT; };
		13C6315D19B06D82005D3724 /* CUArchitectureDemo-Info.plist */ = {isa = PBXFileReference; lastKnownFileType = text.plist.xml; path = "CUArchitectureDemo-Info.plist"; sourceTree = "<group>"; };
		13C6315F19B06D82005D3724 /* en */ = {isa = PBXFileReference; lastKnownFileType = text.plist.strings; name = en; path = en.lproj/InfoPlist.strings; sourceTree = "<group>"; };
		13C6316119B06D82005D3724 /* main.m */ = {isa = PBXFileReference; lastKnownFileType = sourcecode.c.objc; path = main.m; sourceTree = "<group>"; };
		13C6316319B06D82005D3724 /* CUArchitectureDemo-Prefix.pch */ = {isa = PBXFileReference; lastKnownFileType = sourcecode.c.h; path = "CUArchitectureDemo-Prefix.pch"; sourceTree = "<group>"; };
		13C6316419B06D82005D3724 /* CUAppDelegate.h */ = {isa = PBXFileReference; lastKnownFileType = sourcecode.c.h; path = CUAppDelegate.h; sourceTree = "<group>"; };
		13C6316519B06D82005D3724 /* CUAppDelegate.m */ = {isa = PBXFileReference; lastKnownFileType = sourcecode.c.objc; path = CUAppDelegate.m; sourceTree = "<group>"; };
		13C6316819B06D82005D3724 /* Base */ = {isa = PBXFileReference; lastKnownFileType = file.storyboard; name = Base; path = Base.lproj/Main.storyboard; sourceTree = "<group>"; };
		13C6316D19B06D82005D3724 /* Images.xcassets */ = {isa = PBXFileReference; lastKnownFileType = folder.assetcatalog; path = Images.xcassets; sourceTree = "<group>"; };
		13C6317319B06D82005D3724 /* CUArchitectureDemoTests.xctest */ = {isa = PBXFileReference; explicitFileType = wrapper.cfbundle; includeInIndex = 0; path = CUArchitectureDemoTests.xctest; sourceTree = BUILT_PRODUCTS_DIR; };
		13C6317419B06D82005D3724 /* XCTest.framework */ = {isa = PBXFileReference; lastKnownFileType = wrapper.framework; name = XCTest.framework; path = Library/Frameworks/XCTest.framework; sourceTree = DEVELOPER_DIR; };
		13C6317C19B06D82005D3724 /* CUArchitectureDemoTests-Info.plist */ = {isa = PBXFileReference; lastKnownFileType = text.plist.xml; path = "CUArchitectureDemoTests-Info.plist"; sourceTree = "<group>"; };
		13C6317E19B06D82005D3724 /* en */ = {isa = PBXFileReference; lastKnownFileType = text.plist.strings; name = en; path = en.lproj/InfoPlist.strings; sourceTree = "<group>"; };
		13C6318019B06D82005D3724 /* CUArchitectureDemoTests.m */ = {isa = PBXFileReference; lastKnownFileType = sourcecode.c.objc; path = CUArchitectureDemoTests.m; sourceTree = "<group>"; };
		13C6319119B06EB2005D3724 /* CUDetailViewController.h */ = {isa = PBXFileReference; fileEncoding = 4; lastKnownFileType = sourcecode.c.h; path = CUDetailViewController.h; sourceTree = "<group>"; };
		13C6319219B06EB2005D3724 /* CUDetailViewController.m */ = {isa = PBXFileReference; fileEncoding = 4; lastKnownFileType = sourcecode.c.objc; path = CUDetailViewController.m; sourceTree = "<group>"; };
		13C6319319B06EB2005D3724 /* CUMainViewController.h */ = {isa = PBXFileReference; fileEncoding = 4; lastKnownFileType = sourcecode.c.h; path = CUMainViewController.h; sourceTree = "<group>"; };
		13C6319419B06EB2005D3724 /* CUMainViewController.m */ = {isa = PBXFileReference; fileEncoding = 4; lastKnownFileType = sourcecode.c.objc; path = CUMainViewController.m; sourceTree = "<group>"; };
		13C6319B19B06EDF005D3724 /* CUDataModel.h */ = {isa = PBXFileReference; fileEncoding = 4; lastKnownFileType = sourcecode.c.h; path = CUDataModel.h; sourceTree = "<group>"; };
		13C6319C19B06EDF005D3724 /* CUDataModel.m */ = {isa = PBXFileReference; fileEncoding = 4; lastKnownFileType = sourcecode.c.objc; path = CUDataModel.m; sourceTree = "<group>"; };
		13C631A019B06F1D005D3724 /* CUDataDAO.h */ = {isa = PBXFileReference; fileEncoding = 4; lastKnownFileType = sourcecode.c.h; path = CUDataDAO.h; sourceTree = "<group>"; };
		13C631A119B06F1D005D3724 /* CUDataDAO.m */ = {isa = PBXFileReference; fileEncoding = 4; lastKnownFileType = sourcecode.c.objc; path = CUDataDAO.m; sourceTree = "<group>"; };
		13C631A319B09F3D005D3724 /* CUOtherViewController.h */ = {isa = PBXFileReference; fileEncoding = 4; lastKnownFileType = sourcecode.c.h; path = CUOtherViewController.h; sourceTree = "<group>"; };
		13C631A419B09F3D005D3724 /* CUOtherViewController.m */ = {isa = PBXFileReference; fileEncoding = 4; lastKnownFileType = sourcecode.c.objc; path = CUOtherViewController.m; sourceTree = "<group>"; };
		13C631A619B0A0AD005D3724 /* CUNotification.h */ = {isa = PBXFileReference; fileEncoding = 4; lastKnownFileType = sourcecode.c.h; path = CUNotification.h; sourceTree = "<group>"; };
		13C631A719B0A0AD005D3724 /* CUNotification.m */ = {isa = PBXFileReference; fileEncoding = 4; lastKnownFileType = sourcecode.c.objc; path = CUNotification.m; sourceTree = "<group>"; };
/* End PBXFileReference section */

/* Begin PBXFrameworksBuildPhase section */
		13C6314F19B06D82005D3724 /* Frameworks */ = {
			isa = PBXFrameworksBuildPhase;
			buildActionMask = 2147483647;
			files = (
				13C6315819B06D82005D3724 /* CoreGraphics.framework in Frameworks */,
				13C6315A19B06D82005D3724 /* UIKit.framework in Frameworks */,
				13C6315619B06D82005D3724 /* Foundation.framework in Frameworks */,
			);
			runOnlyForDeploymentPostprocessing = 0;
		};
		13C6317019B06D82005D3724 /* Frameworks */ = {
			isa = PBXFrameworksBuildPhase;
			buildActionMask = 2147483647;
			files = (
				13C6317519B06D82005D3724 /* XCTest.framework in Frameworks */,
				13C6317719B06D82005D3724 /* UIKit.framework in Frameworks */,
				13C6317619B06D82005D3724 /* Foundation.framework in Frameworks */,
			);
			runOnlyForDeploymentPostprocessing = 0;
		};
/* End PBXFrameworksBuildPhase section */

/* Begin PBXGroup section */
		13C6314919B06D82005D3724 = {
			isa = PBXGroup;
			children = (
				13C6319F19B06F12005D3724 /* DataLayer */,
				13C6319A19B06EC4005D3724 /* Models */,
				13C6319019B06EB2005D3724 /* ViewControllers */,
				13C6315B19B06D82005D3724 /* CUArchitectureDemo */,
				13C6317A19B06D82005D3724 /* CUArchitectureDemoTests */,
				13C6315419B06D82005D3724 /* Frameworks */,
				13C6315319B06D82005D3724 /* Products */,
			);
			sourceTree = "<group>";
		};
		13C6315319B06D82005D3724 /* Products */ = {
			isa = PBXGroup;
			children = (
				13C6315219B06D82005D3724 /* CUArchitectureDemo.app */,
				13C6317319B06D82005D3724 /* CUArchitectureDemoTests.xctest */,
			);
			name = Products;
			sourceTree = "<group>";
		};
		13C6315419B06D82005D3724 /* Frameworks */ = {
			isa = PBXGroup;
			children = (
				13C6315519B06D82005D3724 /* Foundation.framework */,
				13C6315719B06D82005D3724 /* CoreGraphics.framework */,
				13C6315919B06D82005D3724 /* UIKit.framework */,
				13C6317419B06D82005D3724 /* XCTest.framework */,
			);
			name = Frameworks;
			sourceTree = "<group>";
		};
		13C6315B19B06D82005D3724 /* CUArchitectureDemo */ = {
			isa = PBXGroup;
			children = (
				13C6316419B06D82005D3724 /* CUAppDelegate.h */,
				13C6316519B06D82005D3724 /* CUAppDelegate.m */,
				13C6316719B06D82005D3724 /* Main.storyboard */,
				13C6316D19B06D82005D3724 /* Images.xcassets */,
				13C6315C19B06D82005D3724 /* Supporting Files */,
				13C631A619B0A0AD005D3724 /* CUNotification.h */,
				13C631A719B0A0AD005D3724 /* CUNotification.m */,
			);
			path = CUArchitectureDemo;
			sourceTree = "<group>";
		};
		13C6315C19B06D82005D3724 /* Supporting Files */ = {
			isa = PBXGroup;
			children = (
				13C6315D19B06D82005D3724 /* CUArchitectureDemo-Info.plist */,
				13C6315E19B06D82005D3724 /* InfoPlist.strings */,
				13C6316119B06D82005D3724 /* main.m */,
				13C6316319B06D82005D3724 /* CUArchitectureDemo-Prefix.pch */,
			);
			name = "Supporting Files";
			sourceTree = "<group>";
		};
		13C6317A19B06D82005D3724 /* CUArchitectureDemoTests */ = {
			isa = PBXGroup;
			children = (
				13C6318019B06D82005D3724 /* CUArchitectureDemoTests.m */,
				13C6317B19B06D82005D3724 /* Supporting Files */,
			);
			path = CUArchitectureDemoTests;
			sourceTree = "<group>";
		};
		13C6317B19B06D82005D3724 /* Supporting Files */ = {
			isa = PBXGroup;
			children = (
				13C6317C19B06D82005D3724 /* CUArchitectureDemoTests-Info.plist */,
				13C6317D19B06D82005D3724 /* InfoPlist.strings */,
			);
			name = "Supporting Files";
			sourceTree = "<group>";
		};
		13C6319019B06EB2005D3724 /* ViewControllers */ = {
			isa = PBXGroup;
			children = (
				13C6319119B06EB2005D3724 /* CUDetailViewController.h */,
				13C6319219B06EB2005D3724 /* CUDetailViewController.m */,
				13C6319319B06EB2005D3724 /* CUMainViewController.h */,
				13C6319419B06EB2005D3724 /* CUMainViewController.m */,
				13C631A319B09F3D005D3724 /* CUOtherViewController.h */,
				13C631A419B09F3D005D3724 /* CUOtherViewController.m */,
			);
			path = ViewControllers;
			sourceTree = "<group>";
		};
		13C6319A19B06EC4005D3724 /* Models */ = {
			isa = PBXGroup;
			children = (
				13C6319B19B06EDF005D3724 /* CUDataModel.h */,
				13C6319C19B06EDF005D3724 /* CUDataModel.m */,
			);
			path = Models;
			sourceTree = "<group>";
		};
		13C6319F19B06F12005D3724 /* DataLayer */ = {
			isa = PBXGroup;
			children = (
				13C631A019B06F1D005D3724 /* CUDataDAO.h */,
				13C631A119B06F1D005D3724 /* CUDataDAO.m */,
			);
			path = DataLayer;
			sourceTree = "<group>";
		};
/* End PBXGroup section */

/* Begin PBXNativeTarget section */
		13C6315119B06D82005D3724 /* CUArchitectureDemo */ = {
			isa = PBXNativeTarget;
			buildConfigurationList = 13C6318419B06D82005D3724 /* Build configuration list for PBXNativeTarget "CUArchitectureDemo" */;
			buildPhases = (
				13C6314E19B06D82005D3724 /* Sources */,
				13C6314F19B06D82005D3724 /* Frameworks */,
				13C6315019B06D82005D3724 /* Resources */,
			);
			buildRules = (
			);
			dependencies = (
			);
			name = CUArchitectureDemo;
			productName = CUArchitectureDemo;
			productReference = 13C6315219B06D82005D3724 /* CUArchitectureDemo.app */;
			productType = "com.apple.product-type.application";
		};
		13C6317219B06D82005D3724 /* CUArchitectureDemoTests */ = {
			isa = PBXNativeTarget;
			buildConfigurationList = 13C6318719B06D82005D3724 /* Build configuration list for PBXNativeTarget "CUArchitectureDemoTests" */;
			buildPhases = (
				13C6316F19B06D82005D3724 /* Sources */,
				13C6317019B06D82005D3724 /* Frameworks */,
				13C6317119B06D82005D3724 /* Resources */,
			);
			buildRules = (
			);
			dependencies = (
				13C6317919B06D82005D3724 /* PBXTargetDependency */,
			);
			name = CUArchitectureDemoTests;
			productName = CUArchitectureDemoTests;
			productReference = 13C6317319B06D82005D3724 /* CUArchitectureDemoTests.xctest */;
			productType = "com.apple.product-type.bundle.unit-test";
		};
/* End PBXNativeTarget section */

/* Begin PBXProject section */
		13C6314A19B06D82005D3724 /* Project object */ = {
			isa = PBXProject;
			attributes = {
				CLASSPREFIX = CU;
				LastUpgradeCheck = 0510;
				ORGANIZATIONNAME = lion;
				TargetAttributes = {
					13C6317219B06D82005D3724 = {
						TestTargetID = 13C6315119B06D82005D3724;
					};
				};
			};
			buildConfigurationList = 13C6314D19B06D82005D3724 /* Build configuration list for PBXProject "CUArchitectureDemo" */;
			compatibilityVersion = "Xcode 3.2";
			developmentRegion = English;
			hasScannedForEncodings = 0;
			knownRegions = (
				en,
				Base,
			);
			mainGroup = 13C6314919B06D82005D3724;
			productRefGroup = 13C6315319B06D82005D3724 /* Products */;
			projectDirPath = "";
			projectRoot = "";
			targets = (
				13C6315119B06D82005D3724 /* CUArchitectureDemo */,
				13C6317219B06D82005D3724 /* CUArchitectureDemoTests */,
			);
		};
/* End PBXProject section */

/* Begin PBXResourcesBuildPhase section */
		13C6315019B06D82005D3724 /* Resources */ = {
			isa = PBXResourcesBuildPhase;
			buildActionMask = 2147483647;
			files = (
				13C6316E19B06D82005D3724 /* Images.xcassets in Resources */,
				13C6316019B06D82005D3724 /* InfoPlist.strings in Resources */,
				13C6316919B06D82005D3724 /* Main.storyboard in Resources */,
			);
			runOnlyForDeploymentPostprocessing = 0;
		};
		13C6317119B06D82005D3724 /* Resources */ = {
			isa = PBXResourcesBuildPhase;
			buildActionMask = 2147483647;
			files = (
				13C6317F19B06D82005D3724 /* InfoPlist.strings in Resources */,
			);
			runOnlyForDeploymentPostprocessing = 0;
		};
/* End PBXResourcesBuildPhase section */

/* Begin PBXSourcesBuildPhase section */
		13C6314E19B06D82005D3724 /* Sources */ = {
			isa = PBXSourcesBuildPhase;
			buildActionMask = 2147483647;
			files = (
				13C631A219B06F1D005D3724 /* CUDataDAO.m in Sources */,
				13C6316619B06D82005D3724 /* CUAppDelegate.m in Sources */,
				13C631A819B0A0AD005D3724 /* CUNotification.m in Sources */,
				13C6319819B06EB2005D3724 /* CUMainViewController.m in Sources */,
				13C631A519B09F3D005D3724 /* CUOtherViewController.m in Sources */,
				13C6316219B06D82005D3724 /* main.m in Sources */,
				13C6319719B06EB2005D3724 /* CUDetailViewController.m in Sources */,
				13C6319D19B06EDF005D3724 /* CUDataModel.m in Sources */,
			);
			runOnlyForDeploymentPostprocessing = 0;
		};
		13C6316F19B06D82005D3724 /* Sources */ = {
			isa = PBXSourcesBuildPhase;
			buildActionMask = 2147483647;
			files = (
				13C6318119B06D82005D3724 /* CUArchitectureDemoTests.m in Sources */,
			);
			runOnlyForDeploymentPostprocessing = 0;
		};
/* End PBXSourcesBuildPhase section */

/* Begin PBXTargetDependency section */
		13C6317919B06D82005D3724 /* PBXTargetDependency */ = {
			isa = PBXTargetDependency;
			target = 13C6315119B06D82005D3724 /* CUArchitectureDemo */;
			targetProxy = 13C6317819B06D82005D3724 /* PBXContainerItemProxy */;
		};
/* End PBXTargetDependency section */

/* Begin PBXVariantGroup section */
		13C6315E19B06D82005D3724 /* InfoPlist.strings */ = {
			isa = PBXVariantGroup;
			children = (
				13C6315F19B06D82005D3724 /* en */,
			);
			name = InfoPlist.strings;
			sourceTree = "<group>";
		};
		13C6316719B06D82005D3724 /* Main.storyboard */ = {
			isa = PBXVariantGroup;
			children = (
				13C6316819B06D82005D3724 /* Base */,
			);
			name = Main.storyboard;
			sourceTree = "<group>";
		};
		13C6317D19B06D82005D3724 /* InfoPlist.strings */ = {
			isa = PBXVariantGroup;
			children = (
				13C6317E19B06D82005D3724 /* en */,
			);
			name = InfoPlist.strings;
			sourceTree = "<group>";
		};
/* End PBXVariantGroup section */

/* Begin XCBuildConfiguration section */
		13C6318219B06D82005D3724 /* Debug */ = {
			isa = XCBuildConfiguration;
			buildSettings = {
				ALWAYS_SEARCH_USER_PATHS = NO;
				CLANG_CXX_LANGUAGE_STANDARD = "gnu++0x";
				CLANG_CXX_LIBRARY = "libc++";
				CLANG_ENABLE_MODULES = YES;
				CLANG_ENABLE_OBJC_ARC = YES;
				CLANG_WARN_BOOL_CONVERSION = YES;
				CLANG_WARN_CONSTANT_CONVERSION = YES;
				CLANG_WARN_DIRECT_OBJC_ISA_USAGE = YES_ERROR;
				CLANG_WARN_EMPTY_BODY = YES;
				CLANG_WARN_ENUM_CONVERSION = YES;
				CLANG_WARN_INT_CONVERSION = YES;
				CLANG_WARN_OBJC_ROOT_CLASS = YES_ERROR;
				CLANG_WARN__DUPLICATE_METHOD_MATCH = YES;
				"CODE_SIGN_IDENTITY[sdk=iphoneos*]" = "iPhone Developer";
				COPY_PHASE_STRIP = NO;
				GCC_C_LANGUAGE_STANDARD = gnu99;
				GCC_DYNAMIC_NO_PIC = NO;
				GCC_OPTIMIZATION_LEVEL = 0;
				GCC_PREPROCESSOR_DEFINITIONS = (
					"DEBUG=1",
					"$(inherited)",
				);
				GCC_SYMBOLS_PRIVATE_EXTERN = NO;
				GCC_WARN_64_TO_32_BIT_CONVERSION = YES;
				GCC_WARN_ABOUT_RETURN_TYPE = YES_ERROR;
				GCC_WARN_UNDECLARED_SELECTOR = YES;
				GCC_WARN_UNINITIALIZED_AUTOS = YES_AGGRESSIVE;
				GCC_WARN_UNUSED_FUNCTION = YES;
				GCC_WARN_UNUSED_VARIABLE = YES;
				IPHONEOS_DEPLOYMENT_TARGET = 7.1;
				ONLY_ACTIVE_ARCH = YES;
				SDKROOT = iphoneos;
			};
			name = Debug;
		};
		13C6318319B06D82005D3724 /* Release */ = {
			isa = XCBuildConfiguration;
			buildSettings = {
				ALWAYS_SEARCH_USER_PATHS = NO;
				CLANG_CXX_LANGUAGE_STANDARD = "gnu++0x";
				CLANG_CXX_LIBRARY = "libc++";
				CLANG_ENABLE_MODULES = YES;
				CLANG_ENABLE_OBJC_ARC = YES;
				CLANG_WARN_BOOL_CONVERSION = YES;
				CLANG_WARN_CONSTANT_CONVERSION = YES;
				CLANG_WARN_DIRECT_OBJC_ISA_USAGE = YES_ERROR;
				CLANG_WARN_EMPTY_BODY = YES;
				CLANG_WARN_ENUM_CONVERSION = YES;
				CLANG_WARN_INT_CONVERSION = YES;
				CLANG_WARN_OBJC_ROOT_CLASS = YES_ERROR;
				CLANG_WARN__DUPLICATE_METHOD_MATCH = YES;
				"CODE_SIGN_IDENTITY[sdk=iphoneos*]" = "iPhone Developer";
				COPY_PHASE_STRIP = YES;
				ENABLE_NS_ASSERTIONS = NO;
				GCC_C_LANGUAGE_STANDARD = gnu99;
				GCC_WARN_64_TO_32_BIT_CONVERSION = YES;
				GCC_WARN_ABOUT_RETURN_TYPE = YES_ERROR;
				GCC_WARN_UNDECLARED_SELECTOR = YES;
				GCC_WARN_UNINITIALIZED_AUTOS = YES_AGGRESSIVE;
				GCC_WARN_UNUSED_FUNCTION = YES;
				GCC_WARN_UNUSED_VARIABLE = YES;
				IPHONEOS_DEPLOYMENT_TARGET = 7.1;
				SDKROOT = iphoneos;
				VALIDATE_PRODUCT = YES;
			};
			name = Release;
		};
		13C6318519B06D82005D3724 /* Debug */ = {
			isa = XCBuildConfiguration;
			buildSettings = {
				ASSETCATALOG_COMPILER_APPICON_NAME = AppIcon;
				ASSETCATALOG_COMPILER_LAUNCHIMAGE_NAME = LaunchImage;
				GCC_PRECOMPILE_PREFIX_HEADER = YES;
				GCC_PREFIX_HEADER = "CUArchitectureDemo/CUArchitectureDemo-Prefix.pch";
				INFOPLIST_FILE = "CUArchitectureDemo/CUArchitectureDemo-Info.plist";
				PRODUCT_NAME = "$(TARGET_NAME)";
				WRAPPER_EXTENSION = app;
			};
			name = Debug;
		};
		13C6318619B06D82005D3724 /* Release */ = {
			isa = XCBuildConfiguration;
			buildSettings = {
				ASSETCATALOG_COMPILER_APPICON_NAME = AppIcon;
				ASSETCATALOG_COMPILER_LAUNCHIMAGE_NAME = LaunchImage;
				GCC_PRECOMPILE_PREFIX_HEADER = YES;
				GCC_PREFIX_HEADER = "CUArchitectureDemo/CUArchitectureDemo-Prefix.pch";
				INFOPLIST_FILE = "CUArchitectureDemo/CUArchitectureDemo-Info.plist";
				PRODUCT_NAME = "$(TARGET_NAME)";
				WRAPPER_EXTENSION = app;
			};
			name = Release;
		};
		13C6318819B06D82005D3724 /* Debug */ = {
			isa = XCBuildConfiguration;
			buildSettings = {
				BUNDLE_LOADER = "$(BUILT_PRODUCTS_DIR)/CUArchitectureDemo.app/CUArchitectureDemo";
				FRAMEWORK_SEARCH_PATHS = (
					"$(SDKROOT)/Developer/Library/Frameworks",
					"$(inherited)",
					"$(DEVELOPER_FRAMEWORKS_DIR)",
				);
				GCC_PRECOMPILE_PREFIX_HEADER = YES;
				GCC_PREFIX_HEADER = "CUArchitectureDemo/CUArchitectureDemo-Prefix.pch";
				GCC_PREPROCESSOR_DEFINITIONS = (
					"DEBUG=1",
					"$(inherited)",
				);
				INFOPLIST_FILE = "CUArchitectureDemoTests/CUArchitectureDemoTests-Info.plist";
				PRODUCT_NAME = "$(TARGET_NAME)";
				TEST_HOST = "$(BUNDLE_LOADER)";
				WRAPPER_EXTENSION = xctest;
			};
			name = Debug;
		};
		13C6318919B06D82005D3724 /* Release */ = {
			isa = XCBuildConfiguration;
			buildSettings = {
				BUNDLE_LOADER = "$(BUILT_PRODUCTS_DIR)/CUArchitectureDemo.app/CUArchitectureDemo";
				FRAMEWORK_SEARCH_PATHS = (
					"$(SDKROOT)/Developer/Library/Frameworks",
					"$(inherited)",
					"$(DEVELOPER_FRAMEWORKS_DIR)",
				);
				GCC_PRECOMPILE_PREFIX_HEADER = YES;
				GCC_PREFIX_HEADER = "CUArchitectureDemo/CUArchitectureDemo-Prefix.pch";
				INFOPLIST_FILE = "CUArchitectureDemoTests/CUArchitectureDemoTests-Info.plist";
				PRODUCT_NAME = "$(TARGET_NAME)";
				TEST_HOST = "$(BUNDLE_LOADER)";
				WRAPPER_EXTENSION = xctest;
			};
			name = Release;
		};
/* End XCBuildConfiguration section */

/* Begin XCConfigurationList section */
		13C6314D19B06D82005D3724 /* Build configuration list for PBXProject "CUArchitectureDemo" */ = {
			isa = XCConfigurationList;
			buildConfigurations = (
				13C6318219B06D82005D3724 /* Debug */,
				13C6318319B06D82005D3724 /* Release */,
			);
			defaultConfigurationIsVisible = 0;
			defaultConfigurationName = Release;
		};
		13C6318419B06D82005D3724 /* Build configuration list for PBXNativeTarget "CUArchitectureDemo" */ = {
			isa = XCConfigurationList;
			buildConfigurations = (
				13C6318519B06D82005D3724 /* Debug */,
				13C6318619B06D82005D3724 /* Release */,
			);
			defaultConfigurationIsVisible = 0;
		};
		13C6318719B06D82005D3724 /* Build configuration list for PBXNativeTarget "CUArchitectureDemoTests" */ = {
			isa = XCConfigurationList;
			buildConfigurations = (
				13C6318819B06D82005D3724 /* Debug */,
				13C6318919B06D82005D3724 /* Release */,
			);
			defaultConfigurationIsVisible = 0;
		};
/* End XCConfigurationList section */
	};
	rootObject = 13C6314A19B06D82005D3724 /* Project object */;
}
